{
  "pins" : [
    {
      "identity" : "sdwebimage",
      "kind" : "remoteSourceControl",
      "location" : "https://github.com/SDWebImage/SDWebImage.git",
      "state" : {
        "branch" : "master",
        "revision" : "4a72e4fee29c8600053eee760a297e06e80e5939"
      }
    }
  ],
  "version" : 2
}
